
Microsoft Visual Studio Solution File, Format Version 12.00
# Visual Studio Version 17
VisualStudioVersion = 17.1.32210.238
MinimumVisualStudioVersion = 10.0.40219.1
Project("{FAE04EC0-301F-11D3-BF4B-00C04F79EFBC}") = "ClubApplication", "ClubApplication.csproj", "{F44BF0D8-F057-4AC2-92CE-DC5C08DF29E8}"
EndProject
Global
	GlobalSection(SolutionConfigurationPlatforms) = preSolution
		Debug|Any CPU = Debug|Any CPU
		Release|Any CPU = Release|Any CPU
	EndGlobalSection
	GlobalSection(ProjectConfigurationPlatforms) = postSolution
		{F44BF0D8-F057-4AC2-92CE-DC5C08DF29E8}.Debug|Any CPU.ActiveCfg = Debug|Any CPU
		{F44BF0D8-F057-4AC2-92CE-DC5C08DF29E8}.Debug|Any CPU.Build.0 = Debug|Any CPU
		{F44BF0D8-F057-4AC2-92CE-DC5C08DF29E8}.Release|Any CPU.ActiveCfg = Release|Any CPU
		{F44BF0D8-F057-4AC2-92CE-DC5C08DF29E8}.Release|Any CPU.Build.0 = Release|Any CPU
	EndGlobalSection
	GlobalSection(SolutionProperties) = preSolution
		HideSolutionNode = FALSE
	EndGlobalSection
	GlobalSection(ExtensibilityGlobals) = postSolution
		SolutionGuid = {F56B3F1E-2389-4A07-B406-0F7192F7AB02}
	EndGlobalSection
EndGlobal
